
Microsoft Visual Studio Solution File, Format Version 12.00
# Visual Studio Version 16
VisualStudioVersion = 16.0.29418.71
MinimumVisualStudioVersion = 10.0.40219.1
Project("{FAE04EC0-301F-11D3-BF4B-00C04F79EFBC}") = "WatchlistApp", "WatchlistApp\WatchlistApp.csproj", "{A59076FD-3CAA-4EC0-9D81-6B431B30120C}"
EndProject
Global
	GlobalSection(SolutionConfigurationPlatforms) = preSolution
		Debug|Any CPU = Debug|Any CPU
		Release|Any CPU = Release|Any CPU
	EndGlobalSection
	GlobalSection(ProjectConfigurationPlatforms) = postSolution
		{A59076FD-3CAA-4EC0-9D81-6B431B30120C}.Debug|Any CPU.ActiveCfg = Debug|Any CPU
		{A59076FD-3CAA-4EC0-9D81-6B431B30120C}.Debug|Any CPU.Build.0 = Debug|Any CPU
		{A59076FD-3CAA-4EC0-9D81-6B431B30120C}.Release|Any CPU.ActiveCfg = Release|Any CPU
		{A59076FD-3CAA-4EC0-9D81-6B431B30120C}.Release|Any CPU.Build.0 = Release|Any CPU
	EndGlobalSection
	GlobalSection(SolutionProperties) = preSolution
		HideSolutionNode = FALSE
	EndGlobalSection
	GlobalSection(ExtensibilityGlobals) = postSolution
		SolutionGuid = {F69CC2C7-B8B0-4C30-893D-7F8F60DC884A}
	EndGlobalSection
EndGlobal
